
Microsoft Visual Studio Solution File, Format Version 12.00
# Visual Studio 2012
Project("{8BC9CEB8-8B4A-11D0-8D11-00A0C91BC942}") = "BAINOP_BIGINT", "BAINOP_BIGINT\BAINOP_BIGINT.vcxproj", "{3F014593-D84F-4A9E-8AC9-56D70362A825}"
EndProject
Global
	GlobalSection(SolutionConfigurationPlatforms) = preSolution
		Debug|Win32 = Debug|Win32
		Release|Win32 = Release|Win32
	EndGlobalSection
	GlobalSection(ProjectConfigurationPlatforms) = postSolution
		{3F014593-D84F-4A9E-8AC9-56D70362A825}.Debug|Win32.ActiveCfg = Release|Win32
		{3F014593-D84F-4A9E-8AC9-56D70362A825}.Debug|Win32.Build.0 = Release|Win32
		{3F014593-D84F-4A9E-8AC9-56D70362A825}.Release|Win32.ActiveCfg = Release|Win32
		{3F014593-D84F-4A9E-8AC9-56D70362A825}.Release|Win32.Build.0 = Release|Win32
	EndGlobalSection
	GlobalSection(SolutionProperties) = preSolution
		HideSolutionNode = FALSE
	EndGlobalSection
EndGlobal
